
Microsoft Visual Studio Solution File, Format Version 12.00
# Visual Studio Version 16
VisualStudioVersion = 16.0.29424.173
MinimumVisualStudioVersion = 10.0.40219.1
Project("{FAE04EC0-301F-11D3-BF4B-00C04F79EFBC}") = "DominikNowocien_PK4", "Dominik_gr5_projJA\DominikNowocien_PK4.csproj", "{BBBAF888-0803-409D-9950-F7B3B769281A}"
EndProject
Global
	GlobalSection(SolutionConfigurationPlatforms) = preSolution
		Debug|Any CPU = Debug|Any CPU
		Debug|x64 = Debug|x64
		Debug|x86 = Debug|x86
		Release|Any CPU = Release|Any CPU
		Release|x64 = Release|x64
		Release|x86 = Release|x86
	EndGlobalSection
	GlobalSection(ProjectConfigurationPlatforms) = postSolution
		{BBBAF888-0803-409D-9950-F7B3B769281A}.Debug|Any CPU.ActiveCfg = Debug|x64
		{BBBAF888-0803-409D-9950-F7B3B769281A}.Debug|x64.ActiveCfg = Debug|x64
		{BBBAF888-0803-409D-9950-F7B3B769281A}.Debug|x64.Build.0 = Debug|x64
		{BBBAF888-0803-409D-9950-F7B3B769281A}.Debug|x86.ActiveCfg = Debug|x64
		{BBBAF888-0803-409D-9950-F7B3B769281A}.Release|Any CPU.ActiveCfg = Release|x64
		{BBBAF888-0803-409D-9950-F7B3B769281A}.Release|x64.ActiveCfg = Release|x64
		{BBBAF888-0803-409D-9950-F7B3B769281A}.Release|x64.Build.0 = Release|x64
		{BBBAF888-0803-409D-9950-F7B3B769281A}.Release|x86.ActiveCfg = Release|x64
	EndGlobalSection
	GlobalSection(SolutionProperties) = preSolution
		HideSolutionNode = FALSE
	EndGlobalSection
	GlobalSection(ExtensibilityGlobals) = postSolution
		SolutionGuid = {1F190A6E-7381-43E0-8E29-957F60E71B08}
	EndGlobalSection
EndGlobal
